# THIS IS AN AUTOGENERATED FILE. DO NOT EDIT THIS FILE DIRECTLY.
# yarn lockfile v1


sax@^1.2.4:
  version "1.2.4"
  resolved "https://registry.yarnpkg.com/sax/-/sax-1.2.4.tgz#2816234e2378bddc4e5354fab5caa895df7100d9"

xml-js@^1.6.2:
  version "1.6.2"
  resolved "https://registry.yarnpkg.com/xml-js/-/xml-js-1.6.2.tgz#4c4cb8413998f73701a202a1b8b2f17c985a72c5"
  dependencies:
    sax "^1.2.4"
